
Microsoft Visual Studio Solution File, Format Version 12.00
# Visual Studio Version 17
VisualStudioVersion = 17.10.35122.118
MinimumVisualStudioVersion = 10.0.40219.1
Project("{2150E333-8FDC-42A3-9474-1A3956D46DE8}") = "Solution Items", "Solution Items", "{96D005EA-9123-4BF7-A676-0FB1CCC31E0E}"
	ProjectSection(SolutionItems) = preProject
		ServiceUrls.txt = ServiceUrls.txt
	EndProjectSection
EndProject
Project("{2150E333-8FDC-42A3-9474-1A3956D46DE8}") = "src", "src", "{6CC5DC93-7D2E-4B11-8B40-52E011149D37}"
EndProject
Project("{2150E333-8FDC-42A3-9474-1A3956D46DE8}") = "ApiGateways", "ApiGateways", "{E94E698F-D5F3-465C-8F55-7B5EF4EA09FB}"
EndProject
Project("{2150E333-8FDC-42A3-9474-1A3956D46DE8}") = "BuildingBlocks", "BuildingBlocks", "{10883696-E97A-46C5-8E8B-D53F5C0070DD}"
EndProject
Project("{2150E333-8FDC-42A3-9474-1A3956D46DE8}") = "Clients", "Clients", "{384AF971-BC24-4928-82FC-4837BA860B22}"
EndProject
Project("{2150E333-8FDC-42A3-9474-1A3956D46DE8}") = "Services", "Services", "{2BE36493-4C04-4C7B-B036-B038DB53FF74}"
EndProject
Project("{2150E333-8FDC-42A3-9474-1A3956D46DE8}") = "WebApiGateway", "WebApiGateway", "{119E09AD-00B0-4727-A99F-6602BF103E78}"
EndProject
Project("{FAE04EC0-301F-11D3-BF4B-00C04F79EFBC}") = "Web.ApiGateway", "src\ApiGateways\WebApiGateway\Web.ApiGateway\Web.ApiGateway.csproj", "{1E6FC963-62FB-464B-8DBE-9B511358BDB5}"
EndProject
Project("{2150E333-8FDC-42A3-9474-1A3956D46DE8}") = "EventBus", "EventBus", "{6C33FEE9-3552-4157-9E97-553FEBD91BAC}"
EndProject
Project("{FAE04EC0-301F-11D3-BF4B-00C04F79EFBC}") = "EventBus.Base", "src\BuildingBlocks\EventBus\EventBus.Base\EventBus.Base.csproj", "{4F6FC31E-0095-42CA-90C8-12692BCF3E91}"
EndProject
Project("{FAE04EC0-301F-11D3-BF4B-00C04F79EFBC}") = "EventBus.Factory", "src\BuildingBlocks\EventBus\EventBus.Factory\EventBus.Factory.csproj", "{D82228EB-F42F-42CF-B389-EB486F081C0E}"
EndProject
Project("{FAE04EC0-301F-11D3-BF4B-00C04F79EFBC}") = "EventBus.AzureServiceBus", "src\BuildingBlocks\EventBus\EventBus.AzureServiceBus\EventBus.AzureServiceBus.csproj", "{BD661232-D406-41C2-84AD-152ADA2EA67D}"
EndProject
Project("{FAE04EC0-301F-11D3-BF4B-00C04F79EFBC}") = "EventBus.RabbitMQ", "src\BuildingBlocks\EventBus\EventBus.RabbitMQ\EventBus.RabbitMQ.csproj", "{7D95A89F-8E93-4FBB-9059-36571EE2139D}"
EndProject
Project("{2150E333-8FDC-42A3-9474-1A3956D46DE8}") = "BlazorWebApp", "BlazorWebApp", "{D77356A5-C4D8-4055-9414-C211A3F39EB4}"
EndProject
Project("{FAE04EC0-301F-11D3-BF4B-00C04F79EFBC}") = "WebApp", "src\Clients\BlazorWebApp\WebApp\WebApp.csproj", "{366210BF-5AD6-49D3-8C21-8EF1162B0C91}"
EndProject
Project("{2150E333-8FDC-42A3-9474-1A3956D46DE8}") = "BasketService", "BasketService", "{C85FB814-E39F-43B3-9CEA-8837323EFE28}"
EndProject
Project("{FAE04EC0-301F-11D3-BF4B-00C04F79EFBC}") = "BasketService.Api", "src\Services\BasketService\BasketService.Api\BasketService.Api.csproj", "{5595B47C-8ED3-4EA8-A497-1DFEF99F950A}"
EndProject
Project("{2150E333-8FDC-42A3-9474-1A3956D46DE8}") = "CatalogService", "CatalogService", "{38B37412-5ADB-40AE-8474-4C516B74547E}"
EndProject
Project("{FAE04EC0-301F-11D3-BF4B-00C04F79EFBC}") = "CatalogService", "src\Services\CatalogService\CatalogService\CatalogService.csproj", "{F1A4E41F-D693-4D80-9E2C-56DDEA0F8C1B}"
EndProject
Project("{2150E333-8FDC-42A3-9474-1A3956D46DE8}") = "IdentityService", "IdentityService", "{4AEB8A0A-FC3A-4A3A-810C-6EA369995AF9}"
EndProject
Project("{FAE04EC0-301F-11D3-BF4B-00C04F79EFBC}") = "IdentityService.Api", "src\Services\IdentityService\IdentityService.Api\IdentityService.Api.csproj", "{D939959E-E966-4273-932A-C59FD7F8EDE5}"
EndProject
Project("{2150E333-8FDC-42A3-9474-1A3956D46DE8}") = "NotificationService", "NotificationService", "{F41FC7CE-979F-4224-A4E0-8C8DB4E61689}"
EndProject
Project("{FAE04EC0-301F-11D3-BF4B-00C04F79EFBC}") = "NotificationService", "src\Services\NotificationService\NotificationService\NotificationService.csproj", "{4CA15041-3539-4473-BAF5-2C0837B27AAD}"
EndProject
Project("{2150E333-8FDC-42A3-9474-1A3956D46DE8}") = "OrderService", "OrderService", "{86AC76F7-35F0-4E79-8B10-BB7EFE5CFCD5}"
EndProject
Project("{FAE04EC0-301F-11D3-BF4B-00C04F79EFBC}") = "OrderService.Domain", "src\Services\OrderService\OrderService.Domain\OrderService.Domain.csproj", "{4622838D-801E-47E4-B052-2B04D657C87C}"
EndProject
Project("{FAE04EC0-301F-11D3-BF4B-00C04F79EFBC}") = "OrderService.Application", "src\Services\OrderService\OrderService.Application\OrderService.Application.csproj", "{BCDB49F0-826A-4F33-8650-E911BF5FA7FD}"
EndProject
Project("{FAE04EC0-301F-11D3-BF4B-00C04F79EFBC}") = "OrderService.Infrastructure", "src\Services\OrderService\OrderService.Infrastructure\OrderService.Infrastructure.csproj", "{1DBDFE49-940A-42C8-8180-01E81D74C691}"
EndProject
Project("{FAE04EC0-301F-11D3-BF4B-00C04F79EFBC}") = "OrderService.Api", "src\Services\OrderService\OrderService.Api\OrderService.Api.csproj", "{0FE2C31C-2309-475C-A2FA-BAE91CCCEDBB}"
EndProject
Project("{2150E333-8FDC-42A3-9474-1A3956D46DE8}") = "PaymentService", "PaymentService", "{A07E10BE-99A0-4283-B418-F1A2105E4874}"
EndProject
Project("{FAE04EC0-301F-11D3-BF4B-00C04F79EFBC}") = "PaymentService.Api", "src\Services\PaymentService\PaymentService.Api\PaymentService.Api.csproj", "{52033096-000E-41B4-AF69-D14E1F9A9A3C}"
EndProject
Global
	GlobalSection(SolutionConfigurationPlatforms) = preSolution
		Debug|Any CPU = Debug|Any CPU
		Release|Any CPU = Release|Any CPU
	EndGlobalSection
	GlobalSection(ProjectConfigurationPlatforms) = postSolution
		{1E6FC963-62FB-464B-8DBE-9B511358BDB5}.Debug|Any CPU.ActiveCfg = Debug|Any CPU
		{1E6FC963-62FB-464B-8DBE-9B511358BDB5}.Debug|Any CPU.Build.0 = Debug|Any CPU
		{1E6FC963-62FB-464B-8DBE-9B511358BDB5}.Release|Any CPU.ActiveCfg = Release|Any CPU
		{1E6FC963-62FB-464B-8DBE-9B511358BDB5}.Release|Any CPU.Build.0 = Release|Any CPU
		{4F6FC31E-0095-42CA-90C8-12692BCF3E91}.Debug|Any CPU.ActiveCfg = Debug|Any CPU
		{4F6FC31E-0095-42CA-90C8-12692BCF3E91}.Debug|Any CPU.Build.0 = Debug|Any CPU
		{4F6FC31E-0095-42CA-90C8-12692BCF3E91}.Release|Any CPU.ActiveCfg = Release|Any CPU
		{4F6FC31E-0095-42CA-90C8-12692BCF3E91}.Release|Any CPU.Build.0 = Release|Any CPU
		{D82228EB-F42F-42CF-B389-EB486F081C0E}.Debug|Any CPU.ActiveCfg = Debug|Any CPU
		{D82228EB-F42F-42CF-B389-EB486F081C0E}.Debug|Any CPU.Build.0 = Debug|Any CPU
		{D82228EB-F42F-42CF-B389-EB486F081C0E}.Release|Any CPU.ActiveCfg = Release|Any CPU
		{D82228EB-F42F-42CF-B389-EB486F081C0E}.Release|Any CPU.Build.0 = Release|Any CPU
		{BD661232-D406-41C2-84AD-152ADA2EA67D}.Debug|Any CPU.ActiveCfg = Debug|Any CPU
		{BD661232-D406-41C2-84AD-152ADA2EA67D}.Debug|Any CPU.Build.0 = Debug|Any CPU
		{BD661232-D406-41C2-84AD-152ADA2EA67D}.Release|Any CPU.ActiveCfg = Release|Any CPU
		{BD661232-D406-41C2-84AD-152ADA2EA67D}.Release|Any CPU.Build.0 = Release|Any CPU
		{7D95A89F-8E93-4FBB-9059-36571EE2139D}.Debug|Any CPU.ActiveCfg = Debug|Any CPU
		{7D95A89F-8E93-4FBB-9059-36571EE2139D}.Debug|Any CPU.Build.0 = Debug|Any CPU
		{7D95A89F-8E93-4FBB-9059-36571EE2139D}.Release|Any CPU.ActiveCfg = Release|Any CPU
		{7D95A89F-8E93-4FBB-9059-36571EE2139D}.Release|Any CPU.Build.0 = Release|Any CPU
		{366210BF-5AD6-49D3-8C21-8EF1162B0C91}.Debug|Any CPU.ActiveCfg = Debug|Any CPU
		{366210BF-5AD6-49D3-8C21-8EF1162B0C91}.Debug|Any CPU.Build.0 = Debug|Any CPU
		{366210BF-5AD6-49D3-8C21-8EF1162B0C91}.Release|Any CPU.ActiveCfg = Release|Any CPU
		{366210BF-5AD6-49D3-8C21-8EF1162B0C91}.Release|Any CPU.Build.0 = Release|Any CPU
		{5595B47C-8ED3-4EA8-A497-1DFEF99F950A}.Debug|Any CPU.ActiveCfg = Debug|Any CPU
		{5595B47C-8ED3-4EA8-A497-1DFEF99F950A}.Debug|Any CPU.Build.0 = Debug|Any CPU
		{5595B47C-8ED3-4EA8-A497-1DFEF99F950A}.Release|Any CPU.ActiveCfg = Release|Any CPU
		{5595B47C-8ED3-4EA8-A497-1DFEF99F950A}.Release|Any CPU.Build.0 = Release|Any CPU
		{F1A4E41F-D693-4D80-9E2C-56DDEA0F8C1B}.Debug|Any CPU.ActiveCfg = Debug|Any CPU
		{F1A4E41F-D693-4D80-9E2C-56DDEA0F8C1B}.Debug|Any CPU.Build.0 = Debug|Any CPU
		{F1A4E41F-D693-4D80-9E2C-56DDEA0F8C1B}.Release|Any CPU.ActiveCfg = Release|Any CPU
		{F1A4E41F-D693-4D80-9E2C-56DDEA0F8C1B}.Release|Any CPU.Build.0 = Release|Any CPU
		{D939959E-E966-4273-932A-C59FD7F8EDE5}.Debug|Any CPU.ActiveCfg = Debug|Any CPU
		{D939959E-E966-4273-932A-C59FD7F8EDE5}.Debug|Any CPU.Build.0 = Debug|Any CPU
		{D939959E-E966-4273-932A-C59FD7F8EDE5}.Release|Any CPU.ActiveCfg = Release|Any CPU
		{D939959E-E966-4273-932A-C59FD7F8EDE5}.Release|Any CPU.Build.0 = Release|Any CPU
		{4CA15041-3539-4473-BAF5-2C0837B27AAD}.Debug|Any CPU.ActiveCfg = Debug|Any CPU
		{4CA15041-3539-4473-BAF5-2C0837B27AAD}.Debug|Any CPU.Build.0 = Debug|Any CPU
		{4CA15041-3539-4473-BAF5-2C0837B27AAD}.Release|Any CPU.ActiveCfg = Release|Any CPU
		{4CA15041-3539-4473-BAF5-2C0837B27AAD}.Release|Any CPU.Build.0 = Release|Any CPU
		{4622838D-801E-47E4-B052-2B04D657C87C}.Debug|Any CPU.ActiveCfg = Debug|Any CPU
		{4622838D-801E-47E4-B052-2B04D657C87C}.Debug|Any CPU.Build.0 = Debug|Any CPU
		{4622838D-801E-47E4-B052-2B04D657C87C}.Release|Any CPU.ActiveCfg = Release|Any CPU
		{4622838D-801E-47E4-B052-2B04D657C87C}.Release|Any CPU.Build.0 = Release|Any CPU
		{BCDB49F0-826A-4F33-8650-E911BF5FA7FD}.Debug|Any CPU.ActiveCfg = Debug|Any CPU
		{BCDB49F0-826A-4F33-8650-E911BF5FA7FD}.Debug|Any CPU.Build.0 = Debug|Any CPU
		{BCDB49F0-826A-4F33-8650-E911BF5FA7FD}.Release|Any CPU.ActiveCfg = Release|Any CPU
		{BCDB49F0-826A-4F33-8650-E911BF5FA7FD}.Release|Any CPU.Build.0 = Release|Any CPU
		{1DBDFE49-940A-42C8-8180-01E81D74C691}.Debug|Any CPU.ActiveCfg = Debug|Any CPU
		{1DBDFE49-940A-42C8-8180-01E81D74C691}.Debug|Any CPU.Build.0 = Debug|Any CPU
		{1DBDFE49-940A-42C8-8180-01E81D74C691}.Release|Any CPU.ActiveCfg = Release|Any CPU
		{1DBDFE49-940A-42C8-8180-01E81D74C691}.Release|Any CPU.Build.0 = Release|Any CPU
		{0FE2C31C-2309-475C-A2FA-BAE91CCCEDBB}.Debug|Any CPU.ActiveCfg = Debug|Any CPU
		{0FE2C31C-2309-475C-A2FA-BAE91CCCEDBB}.Debug|Any CPU.Build.0 = Debug|Any CPU
		{0FE2C31C-2309-475C-A2FA-BAE91CCCEDBB}.Release|Any CPU.ActiveCfg = Release|Any CPU
		{0FE2C31C-2309-475C-A2FA-BAE91CCCEDBB}.Release|Any CPU.Build.0 = Release|Any CPU
		{52033096-000E-41B4-AF69-D14E1F9A9A3C}.Debug|Any CPU.ActiveCfg = Debug|Any CPU
		{52033096-000E-41B4-AF69-D14E1F9A9A3C}.Debug|Any CPU.Build.0 = Debug|Any CPU
		{52033096-000E-41B4-AF69-D14E1F9A9A3C}.Release|Any CPU.ActiveCfg = Release|Any CPU
		{52033096-000E-41B4-AF69-D14E1F9A9A3C}.Release|Any CPU.Build.0 = Release|Any CPU
	EndGlobalSection
	GlobalSection(SolutionProperties) = preSolution
		HideSolutionNode = FALSE
	EndGlobalSection
	GlobalSection(NestedProjects) = preSolution
		{E94E698F-D5F3-465C-8F55-7B5EF4EA09FB} = {6CC5DC93-7D2E-4B11-8B40-52E011149D37}
		{10883696-E97A-46C5-8E8B-D53F5C0070DD} = {6CC5DC93-7D2E-4B11-8B40-52E011149D37}
		{384AF971-BC24-4928-82FC-4837BA860B22} = {6CC5DC93-7D2E-4B11-8B40-52E011149D37}
		{2BE36493-4C04-4C7B-B036-B038DB53FF74} = {6CC5DC93-7D2E-4B11-8B40-52E011149D37}
		{119E09AD-00B0-4727-A99F-6602BF103E78} = {E94E698F-D5F3-465C-8F55-7B5EF4EA09FB}
		{1E6FC963-62FB-464B-8DBE-9B511358BDB5} = {119E09AD-00B0-4727-A99F-6602BF103E78}
		{6C33FEE9-3552-4157-9E97-553FEBD91BAC} = {10883696-E97A-46C5-8E8B-D53F5C0070DD}
		{4F6FC31E-0095-42CA-90C8-12692BCF3E91} = {6C33FEE9-3552-4157-9E97-553FEBD91BAC}
		{D82228EB-F42F-42CF-B389-EB486F081C0E} = {6C33FEE9-3552-4157-9E97-553FEBD91BAC}
		{BD661232-D406-41C2-84AD-152ADA2EA67D} = {6C33FEE9-3552-4157-9E97-553FEBD91BAC}
		{7D95A89F-8E93-4FBB-9059-36571EE2139D} = {6C33FEE9-3552-4157-9E97-553FEBD91BAC}
		{D77356A5-C4D8-4055-9414-C211A3F39EB4} = {384AF971-BC24-4928-82FC-4837BA860B22}
		{366210BF-5AD6-49D3-8C21-8EF1162B0C91} = {D77356A5-C4D8-4055-9414-C211A3F39EB4}
		{C85FB814-E39F-43B3-9CEA-8837323EFE28} = {2BE36493-4C04-4C7B-B036-B038DB53FF74}
		{5595B47C-8ED3-4EA8-A497-1DFEF99F950A} = {C85FB814-E39F-43B3-9CEA-8837323EFE28}
		{38B37412-5ADB-40AE-8474-4C516B74547E} = {2BE36493-4C04-4C7B-B036-B038DB53FF74}
		{F1A4E41F-D693-4D80-9E2C-56DDEA0F8C1B} = {38B37412-5ADB-40AE-8474-4C516B74547E}
		{4AEB8A0A-FC3A-4A3A-810C-6EA369995AF9} = {2BE36493-4C04-4C7B-B036-B038DB53FF74}
		{D939959E-E966-4273-932A-C59FD7F8EDE5} = {4AEB8A0A-FC3A-4A3A-810C-6EA369995AF9}
		{F41FC7CE-979F-4224-A4E0-8C8DB4E61689} = {2BE36493-4C04-4C7B-B036-B038DB53FF74}
		{4CA15041-3539-4473-BAF5-2C0837B27AAD} = {F41FC7CE-979F-4224-A4E0-8C8DB4E61689}
		{86AC76F7-35F0-4E79-8B10-BB7EFE5CFCD5} = {2BE36493-4C04-4C7B-B036-B038DB53FF74}
		{4622838D-801E-47E4-B052-2B04D657C87C} = {86AC76F7-35F0-4E79-8B10-BB7EFE5CFCD5}
		{BCDB49F0-826A-4F33-8650-E911BF5FA7FD} = {86AC76F7-35F0-4E79-8B10-BB7EFE5CFCD5}
		{1DBDFE49-940A-42C8-8180-01E81D74C691} = {86AC76F7-35F0-4E79-8B10-BB7EFE5CFCD5}
		{0FE2C31C-2309-475C-A2FA-BAE91CCCEDBB} = {86AC76F7-35F0-4E79-8B10-BB7EFE5CFCD5}
		{A07E10BE-99A0-4283-B418-F1A2105E4874} = {2BE36493-4C04-4C7B-B036-B038DB53FF74}
		{52033096-000E-41B4-AF69-D14E1F9A9A3C} = {A07E10BE-99A0-4283-B418-F1A2105E4874}
	EndGlobalSection
	GlobalSection(ExtensibilityGlobals) = postSolution
		SolutionGuid = {F229874C-EB77-4BCA-9CF3-2296D6DD1FE5}
	EndGlobalSection
EndGlobal
